// !$*UTF8*$!
{
	archiveVersion = 1;
	classes = {
	};
	objectVersion = 46;
	objects = {

/* Begin PBXBuildFile section */
		044AD9F81D78E18B00C23110 /* AppDelegate.swift in Sources */ = {isa = PBXBuildFile; fileRef = 044AD9F71D78E18B00C23110 /* AppDelegate.swift */; };
		044AD9FA1D78E18B00C23110 /* art.scnassets in Resources */ = {isa = PBXBuildFile; fileRef = 044AD9F91D78E18B00C23110 /* art.scnassets */; };
		044AD9FC1D78E18B00C23110 /* GameViewController.swift in Sources */ = {isa = PBXBuildFile; fileRef = 044AD9FB1D78E18B00C23110 /* GameViewController.swift */; };
		044AD9FF1D78E18B00C23110 /* Main.storyboard in Resources */ = {isa = PBXBuildFile; fileRef = 044AD9FD1D78E18B00C23110 /* Main.storyboard */; };
		044ADA011D78E18B00C23110 /* Assets.xcassets in Resources */ = {isa = PBXBuildFile; fileRef = 044ADA001D78E18B00C23110 /* Assets.xcassets */; };
		044ADA041D78E18B00C23110 /* LaunchScreen.storyboard in Resources */ = {isa = PBXBuildFile; fileRef = 044ADA021D78E18B00C23110 /* LaunchScreen.storyboard */; };
/* End PBXBuildFile section */

/* Begin PBXFileReference section */
		044AD9F41D78E18A00C23110 /* Zig Zag.app */ = {isa = PBXFileReference; explicitFileType = wrapper.application; includeInIndex = 0; path = "Zig Zag.app"; sourceTree = BUILT_PRODUCTS_DIR; };
		044AD9F71D78E18B00C23110 /* AppDelegate.swift */ = {isa = PBXFileReference; lastKnownFileType = sourcecode.swift; path = AppDelegate.swift; sourceTree = "<group>"; };
		044AD9F91D78E18B00C23110 /* art.scnassets */ = {isa = PBXFileReference; lastKnownFileType = wrapper.scnassets; path = art.scnassets; sourceTree = "<group>"; };
		044AD9FB1D78E18B00C23110 /* GameViewController.swift */ = {isa = PBXFileReference; lastKnownFileType = sourcecode.swift; path = GameViewController.swift; sourceTree = "<group>"; };
		044AD9FE1D78E18B00C23110 /* Base */ = {isa = PBXFileReference; lastKnownFileType = file.storyboard; name = Base; path = Base.lproj/Main.storyboard; sourceTree = "<group>"; };
		044ADA001D78E18B00C23110 /* Assets.xcassets */ = {isa = PBXFileReference; lastKnownFileType = folder.assetcatalog; path = Assets.xcassets; sourceTree = "<group>"; };
		044ADA031D78E18B00C23110 /* Base */ = {isa = PBXFileReference; lastKnownFileType = file.storyboard; name = Base; path = Base.lproj/LaunchScreen.storyboard; sourceTree = "<group>"; };
		044ADA051D78E18B00C23110 /* Info.plist */ = {isa = PBXFileReference; lastKnownFileType = text.plist.xml; path = Info.plist; sourceTree = "<group>"; };
/* End PBXFileReference section */

/* Begin PBXFrameworksBuildPhase section */
		044AD9F11D78E18A00C23110 /* Frameworks */ = {
			isa = PBXFrameworksBuildPhase;
			buildActionMask = 2147483647;
			files = (
			);
			runOnlyForDeploymentPostprocessing = 0;
		};
/* End PBXFrameworksBuildPhase section */

/* Begin PBXGroup section */
		044AD9EB1D78E18A00C23110 = {
			isa = PBXGroup;
			children = (
				044AD9F61D78E18B00C23110 /* Zig Zag */,
				044AD9F51D78E18A00C23110 /* Products */,
			);
			sourceTree = "<group>";
		};
		044AD9F51D78E18A00C23110 /* Products */ = {
			isa = PBXGroup;
			children = (
				044AD9F41D78E18A00C23110 /* Zig Zag.app */,
			);
			name = Products;
			sourceTree = "<group>";
		};
		044AD9F61D78E18B00C23110 /* Zig Zag */ = {
			isa = PBXGroup;
			children = (
				044AD9F71D78E18B00C23110 /* AppDelegate.swift */,
				044AD9F91D78E18B00C23110 /* art.scnassets */,
				044AD9FB1D78E18B00C23110 /* GameViewController.swift */,
				044AD9FD1D78E18B00C23110 /* Main.storyboard */,
				044ADA001D78E18B00C23110 /* Assets.xcassets */,
				044ADA021D78E18B00C23110 /* LaunchScreen.storyboard */,
				044ADA051D78E18B00C23110 /* Info.plist */,
			);
			path = "Zig Zag";
			sourceTree = "<group>";
		};
/* End PBXGroup section */

/* Begin PBXNativeTarget section */
		044AD9F31D78E18A00C23110 /* Zig Zag */ = {
			isa = PBXNativeTarget;
			buildConfigurationList = 044ADA081D78E18B00C23110 /* Build configuration list for PBXNativeTarget "Zig Zag" */;
			buildPhases = (
				044AD9F01D78E18A00C23110 /* Sources */,
				044AD9F11D78E18A00C23110 /* Frameworks */,
				044AD9F21D78E18A00C23110 /* Resources */,
			);
			buildRules = (
			);
			dependencies = (
			);
			name = "Zig Zag";
			productName = "Zig Zag";
			productReference = 044AD9F41D78E18A00C23110 /* Zig Zag.app */;
			productType = "com.apple.product-type.application";
		};
/* End PBXNativeTarget section */

/* Begin PBXProject section */
		044AD9EC1D78E18A00C23110 /* Project object */ = {
			isa = PBXProject;
			attributes = {
				LastSwiftUpdateCheck = 0730;
				LastUpgradeCheck = 0730;
				ORGANIZATIONNAME = Binaon;
				TargetAttributes = {
					044AD9F31D78E18A00C23110 = {
						CreatedOnToolsVersion = 7.3.1;
						DevelopmentTeam = M4B22LSM5N;
					};
				};
			};
			buildConfigurationList = 044AD9EF1D78E18A00C23110 /* Build configuration list for PBXProject "Zig Zag" */;
			compatibilityVersion = "Xcode 3.2";
			developmentRegion = English;
			hasScannedForEncodings = 0;
			knownRegions = (
				en,
				Base,
			);
			mainGroup = 044AD9EB1D78E18A00C23110;
			productRefGroup = 044AD9F51D78E18A00C23110 /* Products */;
			projectDirPath = "";
			projectRoot = "";
			targets = (
				044AD9F31D78E18A00C23110 /* Zig Zag */,
			);
		};
/* End PBXProject section */

/* Begin PBXResourcesBuildPhase section */
		044AD9F21D78E18A00C23110 /* Resources */ = {
			isa = PBXResourcesBuildPhase;
			buildActionMask = 2147483647;
			files = (
				044AD9FA1D78E18B00C23110 /* art.scnassets in Resources */,
				044ADA041D78E18B00C23110 /* LaunchScreen.storyboard in Resources */,
				044ADA011D78E18B00C23110 /* Assets.xcassets in Resources */,
				044AD9FF1D78E18B00C23110 /* Main.storyboard in Resources */,
			);
			runOnlyForDeploymentPostprocessing = 0;
		};
/* End PBXResourcesBuildPhase section */

/* Begin PBXSourcesBuildPhase section */
		044AD9F01D78E18A00C23110 /* Sources */ = {
			isa = PBXSourcesBuildPhase;
			buildActionMask = 2147483647;
			files = (
				044AD9FC1D78E18B00C23110 /* GameViewController.swift in Sources */,
				044AD9F81D78E18B00C23110 /* AppDelegate.swift in Sources */,
			);
			runOnlyForDeploymentPostprocessing = 0;
		};
/* End PBXSourcesBuildPhase section */

/* Begin PBXVariantGroup section */
		044AD9FD1D78E18B00C23110 /* Main.storyboard */ = {
			isa = PBXVariantGroup;
			children = (
				044AD9FE1D78E18B00C23110 /* Base */,
			);
			name = Main.storyboard;
			sourceTree = "<group>";
		};
		044ADA021D78E18B00C23110 /* LaunchScreen.storyboard */ = {
			isa = PBXVariantGroup;
			children = (
				044ADA031D78E18B00C23110 /* Base */,
			);
			name = LaunchScreen.storyboard;
			sourceTree = "<group>";
		};
/* End PBXVariantGroup section */

/* Begin XCBuildConfiguration section */
		044ADA061D78E18B00C23110 /* Debug */ = {
			isa = XCBuildConfiguration;
			buildSettings = {
				ALWAYS_SEARCH_USER_PATHS = NO;
				CLANG_ANALYZER_NONNULL = YES;
				CLANG_CXX_LANGUAGE_STANDARD = "gnu++0x";
				CLANG_CXX_LIBRARY = "libc++";
				CLANG_ENABLE_MODULES = YES;
				CLANG_ENABLE_OBJC_ARC = YES;
				CLANG_WARN_BOOL_CONVERSION = YES;
				CLANG_WARN_CONSTANT_CONVERSION = YES;
				CLANG_WARN_DIRECT_OBJC_ISA_USAGE = YES_ERROR;
				CLANG_WARN_EMPTY_BODY = YES;
				CLANG_WARN_ENUM_CONVERSION = YES;
				CLANG_WARN_INT_CONVERSION = YES;
				CLANG_WARN_OBJC_ROOT_CLASS = YES_ERROR;
				CLANG_WARN_UNREACHABLE_CODE = YES;
				CLANG_WARN__DUPLICATE_METHOD_MATCH = YES;
				"CODE_SIGN_IDENTITY[sdk=iphoneos*]" = "iPhone Developer";
				COPY_PHASE_STRIP = NO;
				DEBUG_INFORMATION_FORMAT = "dwarf-with-dsym";
				ENABLE_STRICT_OBJC_MSGSEND = YES;
				ENABLE_TESTABILITY = YES;
				GCC_C_LANGUAGE_STANDARD = gnu99;
				GCC_DYNAMIC_NO_PIC = NO;
				GCC_NO_COMMON_BLOCKS = YES;
				GCC_OPTIMIZATION_LEVEL = 0;
				GCC_PREPROCESSOR_DEFINITIONS = (
					"DEBUG=1",
					"$(inherited)",
				);
				GCC_WARN_64_TO_32_BIT_CONVERSION = YES;
				GCC_WARN_ABOUT_RETURN_TYPE = YES_ERROR;
				GCC_WARN_UNDECLARED_SELECTOR = YES;
				GCC_WARN_UNINITIALIZED_AUTOS = YES_AGGRESSIVE;
				GCC_WARN_UNUSED_FUNCTION = YES;
				GCC_WARN_UNUSED_VARIABLE = YES;
				IPHONEOS_DEPLOYMENT_TARGET = 9.3;
				MTL_ENABLE_DEBUG_INFO = YES;
				ONLY_ACTIVE_ARCH = YES;
				SDKROOT = iphoneos;
				SWIFT_OPTIMIZATION_LEVEL = "-Onone";
				TARGETED_DEVICE_FAMILY = "1,2";
			};
			name = Debug;
		};
		044ADA071D78E18B00C23110 /* Release */ = {
			isa = XCBuildConfiguration;
			buildSettings = {
				ALWAYS_SEARCH_USER_PATHS = NO;
				CLANG_ANALYZER_NONNULL = YES;
				CLANG_CXX_LANGUAGE_STANDARD = "gnu++0x";
				CLANG_CXX_LIBRARY = "libc++";
				CLANG_ENABLE_MODULES = YES;
				CLANG_ENABLE_OBJC_ARC = YES;
				CLANG_WARN_BOOL_CONVERSION = YES;
				CLANG_WARN_CONSTANT_CONVERSION = YES;
				CLANG_WARN_DIRECT_OBJC_ISA_USAGE = YES_ERROR;
				CLANG_WARN_EMPTY_BODY = YES;
				CLANG_WARN_ENUM_CONVERSION = YES;
				CLANG_WARN_INT_CONVERSION = YES;
				CLANG_WARN_OBJC_ROOT_CLASS = YES_ERROR;
				CLANG_WARN_UNREACHABLE_CODE = YES;
				CLANG_WARN__DUPLICATE_METHOD_MATCH = YES;
				"CODE_SIGN_IDENTITY[sdk=iphoneos*]" = "iPhone Developer";
				COPY_PHASE_STRIP = NO;
				DEBUG_INFORMATION_FORMAT = "dwarf-with-dsym";
				ENABLE_NS_ASSERTIONS = NO;
				ENABLE_STRICT_OBJC_MSGSEND = YES;
				GCC_C_LANGUAGE_STANDARD = gnu99;
				GCC_NO_COMMON_BLOCKS = YES;
				GCC_WARN_64_TO_32_BIT_CONVERSION = YES;
				GCC_WARN_ABOUT_RETURN_TYPE = YES_ERROR;
				GCC_WARN_UNDECLARED_SELECTOR = YES;
				GCC_WARN_UNINITIALIZED_AUTOS = YES_AGGRESSIVE;
				GCC_WARN_UNUSED_FUNCTION = YES;
				GCC_WARN_UNUSED_VARIABLE = YES;
				IPHONEOS_DEPLOYMENT_TARGET = 9.3;
				MTL_ENABLE_DEBUG_INFO = NO;
				SDKROOT = iphoneos;
				TARGETED_DEVICE_FAMILY = "1,2";
				VALIDATE_PRODUCT = YES;
			};
			name = Release;
		};
		044ADA091D78E18B00C23110 /* Debug */ = {
			isa = XCBuildConfiguration;
			buildSettings = {
				ASSETCATALOG_COMPILER_APPICON_NAME = AppIcon;
				INFOPLIST_FILE = "Zig Zag/Info.plist";
				LD_RUNPATH_SEARCH_PATHS = "$(inherited) @executable_path/Frameworks";
				PRODUCT_BUNDLE_IDENTIFIER = "com.binaon.Zig-Zag";
				PRODUCT_NAME = "$(TARGET_NAME)";
			};
			name = Debug;
		};
		044ADA0A1D78E18B00C23110 /* Release */ = {
			isa = XCBuildConfiguration;
			buildSettings = {
				ASSETCATALOG_COMPILER_APPICON_NAME = AppIcon;
				INFOPLIST_FILE = "Zig Zag/Info.plist";
				LD_RUNPATH_SEARCH_PATHS = "$(inherited) @executable_path/Frameworks";
				PRODUCT_BUNDLE_IDENTIFIER = "com.binaon.Zig-Zag";
				PRODUCT_NAME = "$(TARGET_NAME)";
			};
			name = Release;
		};
/* End XCBuildConfiguration section */

/* Begin XCConfigurationList section */
		044AD9EF1D78E18A00C23110 /* Build configuration list for PBXProject "Zig Zag" */ = {
			isa = XCConfigurationList;
			buildConfigurations = (
				044ADA061D78E18B00C23110 /* Debug */,
				044ADA071D78E18B00C23110 /* Release */,
			);
			defaultConfigurationIsVisible = 0;
			defaultConfigurationName = Release;
		};
		044ADA081D78E18B00C23110 /* Build configuration list for PBXNativeTarget "Zig Zag" */ = {
			isa = XCConfigurationList;
			buildConfigurations = (
				044ADA091D78E18B00C23110 /* Debug */,
				044ADA0A1D78E18B00C23110 /* Release */,
			);
			defaultConfigurationIsVisible = 0;
		};
/* End XCConfigurationList section */
	};
	rootObject = 044AD9EC1D78E18A00C23110 /* Project object */;
}
